
Microsoft Visual Studio Solution File, Format Version 12.00
# Visual Studio Version 17
VisualStudioVersion = 17.9.34714.143
MinimumVisualStudioVersion = 10.0.40219.1
Project("{FAE04EC0-301F-11D3-BF4B-00C04F79EFBC}") = "ProyectoFinalDAMAgil", "ProyectoFinalDAMAgil.csproj", "{F32D5699-76FE-40EC-A739-472B94DFB105}"
EndProject
Global
	GlobalSection(SolutionConfigurationPlatforms) = preSolution
		Debug|Any CPU = Debug|Any CPU
		Release|Any CPU = Release|Any CPU
	EndGlobalSection
	GlobalSection(ProjectConfigurationPlatforms) = postSolution
		{F32D5699-76FE-40EC-A739-472B94DFB105}.Debug|Any CPU.ActiveCfg = Debug|Any CPU
		{F32D5699-76FE-40EC-A739-472B94DFB105}.Debug|Any CPU.Build.0 = Debug|Any CPU
		{F32D5699-76FE-40EC-A739-472B94DFB105}.Release|Any CPU.ActiveCfg = Release|Any CPU
		{F32D5699-76FE-40EC-A739-472B94DFB105}.Release|Any CPU.Build.0 = Release|Any CPU
	EndGlobalSection
	GlobalSection(SolutionProperties) = preSolution
		HideSolutionNode = FALSE
	EndGlobalSection
	GlobalSection(ExtensibilityGlobals) = postSolution
		SolutionGuid = {D05E77C4-4C9C-4317-AF05-5B9165F5BABD}
	EndGlobalSection
EndGlobal
